
Microsoft Visual Studio Solution File, Format Version 12.00
# Visual Studio Version 17
VisualStudioVersion = 17.11.35312.102
MinimumVisualStudioVersion = 10.0.40219.1
Project("{FAE04EC0-301F-11D3-BF4B-00C04F79EFBC}") = "ABTestApp", "ABTestApp\ABTestApp.csproj", "{AA054C25-3130-46FB-8C5D-1CCA2DE21701}"
EndProject
Global
	GlobalSection(SolutionConfigurationPlatforms) = preSolution
		Debug|Any CPU = Debug|Any CPU
		Release|Any CPU = Release|Any CPU
	EndGlobalSection
	GlobalSection(ProjectConfigurationPlatforms) = postSolution
		{AA054C25-3130-46FB-8C5D-1CCA2DE21701}.Debug|Any CPU.ActiveCfg = Debug|Any CPU
		{AA054C25-3130-46FB-8C5D-1CCA2DE21701}.Debug|Any CPU.Build.0 = Debug|Any CPU
		{AA054C25-3130-46FB-8C5D-1CCA2DE21701}.Release|Any CPU.ActiveCfg = Release|Any CPU
		{AA054C25-3130-46FB-8C5D-1CCA2DE21701}.Release|Any CPU.Build.0 = Release|Any CPU
	EndGlobalSection
	GlobalSection(SolutionProperties) = preSolution
		HideSolutionNode = FALSE
	EndGlobalSection
	GlobalSection(ExtensibilityGlobals) = postSolution
		SolutionGuid = {88306964-AB86-4CAA-B876-28C814688D29}
	EndGlobalSection
EndGlobal
